Microsoft Visual Studio Solution File, Format Version 12.00
# Visual Studio 2012
Project("{FAE04EC0-301F-11D3-BF4B-00C04F79EFBC}") = "ludum-dare-52", "ludum-dare-52.csproj", "{1A8B2822-DE7C-4616-B450-F2117AE2EFA8}"
EndProject
Global
	GlobalSection(SolutionConfigurationPlatforms) = preSolution
	Debug|Any CPU = Debug|Any CPU
	ExportDebug|Any CPU = ExportDebug|Any CPU
	ExportRelease|Any CPU = ExportRelease|Any CPU
	EndGlobalSection
	GlobalSection(ProjectConfigurationPlatforms) = postSolution
		{1A8B2822-DE7C-4616-B450-F2117AE2EFA8}.Debug|Any CPU.ActiveCfg = Debug|Any CPU
		{1A8B2822-DE7C-4616-B450-F2117AE2EFA8}.Debug|Any CPU.Build.0 = Debug|Any CPU
		{1A8B2822-DE7C-4616-B450-F2117AE2EFA8}.ExportDebug|Any CPU.ActiveCfg = ExportDebug|Any CPU
		{1A8B2822-DE7C-4616-B450-F2117AE2EFA8}.ExportDebug|Any CPU.Build.0 = ExportDebug|Any CPU
		{1A8B2822-DE7C-4616-B450-F2117AE2EFA8}.ExportRelease|Any CPU.ActiveCfg = ExportRelease|Any CPU
		{1A8B2822-DE7C-4616-B450-F2117AE2EFA8}.ExportRelease|Any CPU.Build.0 = ExportRelease|Any CPU
	EndGlobalSection
EndGlobal
